<?xml version="1.0" encoding="utf-8"?>
<Project ToolsVersion="4.0" xmlns="http://schemas.microsoft.com/developer/msbuild/2003">
  <ItemGroup>
    <Filter Include="Source Files">
      <UniqueIdentifier>{4FC737F1-C7A5-4376-A066-2A32D752A2FF}</UniqueIdentifier>
      <Extensions>cpp;c;cc;cxx;c++;cppm;ixx;def;odl;idl;hpj;bat;asm;asmx</Extensions>
    </Filter>
    <Filter Include="Header Files">
      <UniqueIdentifier>{93995380-89BD-4b04-88EB-625FBE52EBFB}</UniqueIdentifier>
      <Extensions>h;hh;hpp;hxx;h++;hm;inl;inc;ipp;xsd</Extensions>
    </Filter>
    <Filter Include="Resource Files">
      <UniqueIdentifier>{67DA6AB6-F800-4c08-8B7A-83BB121AAD01}</UniqueIdentifier>
      <Extensions>rc;ico;cur;bmp;dlg;rc2;rct;bin;rgs;gif;jpg;jpeg;jpe;resx;tiff;tif;png;wav;mfcribbon-ms</Extensions>
    </Filter>
    <Filter Include="NewFilter1">
      <UniqueIdentifier>{0e502b19-830f-4a49-83fa-e23069deaccd}</UniqueIdentifier>
    </Filter>
    <Filter Include="Source Files\GLAD">
      <UniqueIdentifier>{ddddb3a3-e77f-47cb-b71a-c52976f4a42f}</UniqueIdentifier>
    </Filter>
    <Filter Include="Resource Files\Vertex Shader">
      <UniqueIdentifier>{964bcbe6-fd6b-4f58-a618-e45c087f3b68}</UniqueIdentifier>
    </Filter>
    <Filter Include="Resource Files\Fragment Shader">
      <UniqueIdentifier>{a960491e-f86c-4096-bb61-8a935afc512d}</UniqueIdentifier>
    </Filter>
    <Filter Include="Source Files\Shader">
      <UniqueIdentifier>{b6a45861-bab3-46a6-b6d3-bbe8b5ddcfd3}</UniqueIdentifier>
    </Filter>
    <Filter Include="Resource Files\NewFilter1">
      <UniqueIdentifier>{6a32235c-b387-4839-9391-e8c93b57a9c3}</UniqueIdentifier>
    </Filter>
  </ItemGroup>
  <ItemGroup>
    <ClCompile Include="glad.c">
      <Filter>Source Files\GLAD</Filter>
    </ClCompile>
    <ClCompile Include="Main.cpp">
      <Filter>Source Files</Filter>
    </ClCompile>
    <ClCompile Include="Shader.cpp">
      <Filter>Source Files\Shader</Filter>
    </ClCompile>
    <ClCompile Include="VertexShader.cpp">
      <Filter>Source Files\Shader</Filter>
    </ClCompile>
    <ClCompile Include="FragmentShader.cpp">
      <Filter>Source Files\Shader</Filter>
    </ClCompile>
    <ClCompile Include="OGLProgram.cpp">
      <Filter>Source Files\Shader</Filter>
    </ClCompile>
    <ClCompile Include="Shader2.cpp">
      <Filter>Source Files\Shader</Filter>
    </ClCompile>
    <ClCompile Include="stb_image.cpp">
      <Filter>Source Files</Filter>
    </ClCompile>
    <ClCompile Include="Texture.cpp">
      <Filter>Source Files</Filter>
    </ClCompile>
    <ClCompile Include="Camera.cpp">
      <Filter>Source Files</Filter>
    </ClCompile>
  </ItemGroup>
  <ItemGroup>
    <ClInclude Include="Shader.h">
      <Filter>Header Files</Filter>
    </ClInclude>
    <ClInclude Include="VertexShader.h">
      <Filter>Header Files</Filter>
    </ClInclude>
    <ClInclude Include="FragmentShader.h">
      <Filter>Header Files</Filter>
    </ClInclude>
    <ClInclude Include="OGLProgram.h">
      <Filter>Header Files</Filter>
    </ClInclude>
    <ClInclude Include="resource.h">
      <Filter>Header Files</Filter>
    </ClInclude>
    <ClInclude Include="Shader2.h">
      <Filter>Header Files</Filter>
    </ClInclude>
    <ClInclude Include="stb_image.h">
      <Filter>Header Files</Filter>
    </ClInclude>
    <ClInclude Include="Texture.h">
      <Filter>Header Files</Filter>
    </ClInclude>
    <ClInclude Include="Camera.h">
      <Filter>Header Files</Filter>
    </ClInclude>
    <ClInclude Include="Cube.h">
      <Filter>Header Files</Filter>
    </ClInclude>
  </ItemGroup>
  <ItemGroup>
    <ResourceCompile Include="LearnOpenGL.rc">
      <Filter>Resource Files</Filter>
    </ResourceCompile>
  </ItemGroup>
  <ItemGroup>
    <None Include="Fragment Shader\HelloTriangle._fs">
      <Filter>Resource Files\Fragment Shader</Filter>
    </None>
    <None Include="Vertex Shader\HelloTriangle._vs">
      <Filter>Resource Files\Vertex Shader</Filter>
    </None>
    <None Include="Fragment Shader\color_lighting._fs">
      <Filter>Resource Files\Fragment Shader</Filter>
    </None>
    <None Include="Vertex Shader\cube_lighting._vs">
      <Filter>Resource Files\Vertex Shader</Filter>
    </None>
    <None Include="Fragment Shader\light_lighting._fs">
      <Filter>Resource Files\Fragment Shader</Filter>
    </None>
    <None Include="Vertex Shader\map_lighting._vs">
      <Filter>Resource Files\Vertex Shader</Filter>
    </None>
    <None Include="Fragment Shader\map_lighting._fs">
      <Filter>Resource Files\Fragment Shader</Filter>
    </None>
    <None Include="Fragment Shader\DirectionaLight._fs">
      <Filter>Resource Files\Fragment Shader</Filter>
    </None>
    <None Include="Fragment Shader\PointLight._fs">
      <Filter>Resource Files\Fragment Shader</Filter>
    </None>
    <None Include="Fragment Shader\SpotLight._fs">
      <Filter>Resource Files\Fragment Shader</Filter>
    </None>
    <None Include="Fragment Shader\MultiLight._fs">
      <Filter>Resource Files\Fragment Shader</Filter>
    </None>
  </ItemGroup>
</Project>